
Microsoft Visual Studio Solution File, Format Version 12.00
# Visual Studio Version 17
VisualStudioVersion = 17.5.002.0
MinimumVisualStudioVersion = 10.0.40219.1
Project("{9A19103F-16F7-4668-BE54-9A1E7A4F7556}") = "SampleApi", "SampleApi.csproj", "{50EEED0C-AB14-4746-A0B3-8B3AE823055A}"
EndProject
Global
	GlobalSection(SolutionConfigurationPlatforms) = preSolution
		Debug|Any CPU = Debug|Any CPU
		Release|Any CPU = Release|Any CPU
	EndGlobalSection
	GlobalSection(ProjectConfigurationPlatforms) = postSolution
		{50EEED0C-AB14-4746-A0B3-8B3AE823055A}.Debug|Any CPU.ActiveCfg = Debug|Any CPU
		{50EEED0C-AB14-4746-A0B3-8B3AE823055A}.Debug|Any CPU.Build.0 = Debug|Any CPU
		{50EEED0C-AB14-4746-A0B3-8B3AE823055A}.Release|Any CPU.ActiveCfg = Release|Any CPU
		{50EEED0C-AB14-4746-A0B3-8B3AE823055A}.Release|Any CPU.Build.0 = Release|Any CPU
	EndGlobalSection
	GlobalSection(SolutionProperties) = preSolution
		HideSolutionNode = FALSE
	EndGlobalSection
	GlobalSection(ExtensibilityGlobals) = postSolution
		SolutionGuid = {8133D678-EC6F-4548-8963-A42B9200BA89}
	EndGlobalSection
EndGlobal
